
Microsoft Visual Studio Solution File, Format Version 12.00
# Visual Studio 15
VisualStudioVersion = 15.0.26403.7
MinimumVisualStudioVersion = 10.0.40219.1
Project("{FAE04EC0-301F-11D3-BF4B-00C04F79EFBC}") = "DAL", "DAL\DAL.csproj", "{0BEEB95D-5E91-45ED-B83E-5515AC23B560}"
EndProject
Project("{FAE04EC0-301F-11D3-BF4B-00C04F79EFBC}") = "SAL", "SAL\SAL.csproj", "{F961938F-301F-443E-8DAE-22BAC32AD754}"
EndProject
Project("{FAE04EC0-301F-11D3-BF4B-00C04F79EFBC}") = "BLL", "BLL\BLL.csproj", "{D76672F9-4667-47DB-BCA9-4993360CB56C}"
EndProject
Project("{FAE04EC0-301F-11D3-BF4B-00C04F79EFBC}") = "AndroidApp", "AndroidApp\AndroidApp.csproj", "{8E52D4E2-B38B-4658-9BD7-A50CE33BC936}"
EndProject
Project("{FAE04EC0-301F-11D3-BF4B-00C04F79EFBC}") = "iOSApp", "iOSApp\iOSApp.csproj", "{5BBB3021-74DF-4916-A872-0E6404615F16}"
EndProject
Global
	GlobalSection(SolutionConfigurationPlatforms) = preSolution
		Ad-Hoc|Any CPU = Ad-Hoc|Any CPU
		Ad-Hoc|iPhone = Ad-Hoc|iPhone
		Ad-Hoc|iPhoneSimulator = Ad-Hoc|iPhoneSimulator
		AppStore|Any CPU = AppStore|Any CPU
		AppStore|iPhone = AppStore|iPhone
		AppStore|iPhoneSimulator = AppStore|iPhoneSimulator
		Debug|Any CPU = Debug|Any CPU
		Debug|iPhone = Debug|iPhone
		Debug|iPhoneSimulator = Debug|iPhoneSimulator
		Release|Any CPU = Release|Any CPU
		Release|iPhone = Release|iPhone
		Release|iPhoneSimulator = Release|iPhoneSimulator
	EndGlobalSection
	GlobalSection(ProjectConfigurationPlatforms) = postSolution
		{0BEEB95D-5E91-45ED-B83E-5515AC23B560}.Ad-Hoc|Any CPU.ActiveCfg = Debug|Any CPU
		{0BEEB95D-5E91-45ED-B83E-5515AC23B560}.Ad-Hoc|Any CPU.Build.0 = Debug|Any CPU
		{0BEEB95D-5E91-45ED-B83E-5515AC23B560}.Ad-Hoc|iPhone.ActiveCfg = Debug|Any CPU
		{0BEEB95D-5E91-45ED-B83E-5515AC23B560}.Ad-Hoc|iPhone.Build.0 = Debug|Any CPU
		{0BEEB95D-5E91-45ED-B83E-5515AC23B560}.Ad-Hoc|iPhoneSimulator.ActiveCfg = Debug|Any CPU
		{0BEEB95D-5E91-45ED-B83E-5515AC23B560}.Ad-Hoc|iPhoneSimulator.Build.0 = Debug|Any CPU
		{0BEEB95D-5E91-45ED-B83E-5515AC23B560}.AppStore|Any CPU.ActiveCfg = Debug|Any CPU
		{0BEEB95D-5E91-45ED-B83E-5515AC23B560}.AppStore|Any CPU.Build.0 = Debug|Any CPU
		{0BEEB95D-5E91-45ED-B83E-5515AC23B560}.AppStore|iPhone.ActiveCfg = Debug|Any CPU
		{0BEEB95D-5E91-45ED-B83E-5515AC23B560}.AppStore|iPhone.Build.0 = Debug|Any CPU
		{0BEEB95D-5E91-45ED-B83E-5515AC23B560}.AppStore|iPhoneSimulator.ActiveCfg = Debug|Any CPU
		{0BEEB95D-5E91-45ED-B83E-5515AC23B560}.AppStore|iPhoneSimulator.Build.0 = Debug|Any CPU
		{0BEEB95D-5E91-45ED-B83E-5515AC23B560}.Debug|Any CPU.ActiveCfg = Debug|Any CPU
		{0BEEB95D-5E91-45ED-B83E-5515AC23B560}.Debug|Any CPU.Build.0 = Debug|Any CPU
		{0BEEB95D-5E91-45ED-B83E-5515AC23B560}.Debug|iPhone.ActiveCfg = Debug|Any CPU
		{0BEEB95D-5E91-45ED-B83E-5515AC23B560}.Debug|iPhone.Build.0 = Debug|Any CPU
		{0BEEB95D-5E91-45ED-B83E-5515AC23B560}.Debug|iPhoneSimulator.ActiveCfg = Debug|Any CPU
		{0BEEB95D-5E91-45ED-B83E-5515AC23B560}.Debug|iPhoneSimulator.Build.0 = Debug|Any CPU
		{0BEEB95D-5E91-45ED-B83E-5515AC23B560}.Release|Any CPU.ActiveCfg = Release|Any CPU
		{0BEEB95D-5E91-45ED-B83E-5515AC23B560}.Release|Any CPU.Build.0 = Release|Any CPU
		{0BEEB95D-5E91-45ED-B83E-5515AC23B560}.Release|iPhone.ActiveCfg = Release|Any CPU
		{0BEEB95D-5E91-45ED-B83E-5515AC23B560}.Release|iPhone.Build.0 = Release|Any CPU
		{0BEEB95D-5E91-45ED-B83E-5515AC23B560}.Release|iPhoneSimulator.ActiveCfg = Release|Any CPU
		{0BEEB95D-5E91-45ED-B83E-5515AC23B560}.Release|iPhoneSimulator.Build.0 = Release|Any CPU
		{F961938F-301F-443E-8DAE-22BAC32AD754}.Ad-Hoc|Any CPU.ActiveCfg = Debug|Any CPU
		{F961938F-301F-443E-8DAE-22BAC32AD754}.Ad-Hoc|Any CPU.Build.0 = Debug|Any CPU
		{F961938F-301F-443E-8DAE-22BAC32AD754}.Ad-Hoc|iPhone.ActiveCfg = Debug|Any CPU
		{F961938F-301F-443E-8DAE-22BAC32AD754}.Ad-Hoc|iPhone.Build.0 = Debug|Any CPU
		{F961938F-301F-443E-8DAE-22BAC32AD754}.Ad-Hoc|iPhoneSimulator.ActiveCfg = Debug|Any CPU
		{F961938F-301F-443E-8DAE-22BAC32AD754}.Ad-Hoc|iPhoneSimulator.Build.0 = Debug|Any CPU
		{F961938F-301F-443E-8DAE-22BAC32AD754}.AppStore|Any CPU.ActiveCfg = Debug|Any CPU
		{F961938F-301F-443E-8DAE-22BAC32AD754}.AppStore|Any CPU.Build.0 = Debug|Any CPU
		{F961938F-301F-443E-8DAE-22BAC32AD754}.AppStore|iPhone.ActiveCfg = Debug|Any CPU
		{F961938F-301F-443E-8DAE-22BAC32AD754}.AppStore|iPhone.Build.0 = Debug|Any CPU
		{F961938F-301F-443E-8DAE-22BAC32AD754}.AppStore|iPhoneSimulator.ActiveCfg = Debug|Any CPU
		{F961938F-301F-443E-8DAE-22BAC32AD754}.AppStore|iPhoneSimulator.Build.0 = Debug|Any CPU
		{F961938F-301F-443E-8DAE-22BAC32AD754}.Debug|Any CPU.ActiveCfg = Debug|Any CPU
		{F961938F-301F-443E-8DAE-22BAC32AD754}.Debug|Any CPU.Build.0 = Debug|Any CPU
		{F961938F-301F-443E-8DAE-22BAC32AD754}.Debug|iPhone.ActiveCfg = Debug|Any CPU
		{F961938F-301F-443E-8DAE-22BAC32AD754}.Debug|iPhone.Build.0 = Debug|Any CPU
		{F961938F-301F-443E-8DAE-22BAC32AD754}.Debug|iPhoneSimulator.ActiveCfg = Debug|Any CPU
		{F961938F-301F-443E-8DAE-22BAC32AD754}.Debug|iPhoneSimulator.Build.0 = Debug|Any CPU
		{F961938F-301F-443E-8DAE-22BAC32AD754}.Release|Any CPU.ActiveCfg = Release|Any CPU
		{F961938F-301F-443E-8DAE-22BAC32AD754}.Release|Any CPU.Build.0 = Release|Any CPU
		{F961938F-301F-443E-8DAE-22BAC32AD754}.Release|iPhone.ActiveCfg = Release|Any CPU
		{F961938F-301F-443E-8DAE-22BAC32AD754}.Release|iPhone.Build.0 = Release|Any CPU
		{F961938F-301F-443E-8DAE-22BAC32AD754}.Release|iPhoneSimulator.ActiveCfg = Release|Any CPU
		{F961938F-301F-443E-8DAE-22BAC32AD754}.Release|iPhoneSimulator.Build.0 = Release|Any CPU
		{D76672F9-4667-47DB-BCA9-4993360CB56C}.Ad-Hoc|Any CPU.ActiveCfg = Debug|Any CPU
		{D76672F9-4667-47DB-BCA9-4993360CB56C}.Ad-Hoc|Any CPU.Build.0 = Debug|Any CPU
		{D76672F9-4667-47DB-BCA9-4993360CB56C}.Ad-Hoc|iPhone.ActiveCfg = Debug|Any CPU
		{D76672F9-4667-47DB-BCA9-4993360CB56C}.Ad-Hoc|iPhone.Build.0 = Debug|Any CPU
		{D76672F9-4667-47DB-BCA9-4993360CB56C}.Ad-Hoc|iPhoneSimulator.ActiveCfg = Debug|Any CPU
		{D76672F9-4667-47DB-BCA9-4993360CB56C}.Ad-Hoc|iPhoneSimulator.Build.0 = Debug|Any CPU
		{D76672F9-4667-47DB-BCA9-4993360CB56C}.AppStore|Any CPU.ActiveCfg = Debug|Any CPU
		{D76672F9-4667-47DB-BCA9-4993360CB56C}.AppStore|Any CPU.Build.0 = Debug|Any CPU
		{D76672F9-4667-47DB-BCA9-4993360CB56C}.AppStore|iPhone.ActiveCfg = Debug|Any CPU
		{D76672F9-4667-47DB-BCA9-4993360CB56C}.AppStore|iPhone.Build.0 = Debug|Any CPU
		{D76672F9-4667-47DB-BCA9-4993360CB56C}.AppStore|iPhoneSimulator.ActiveCfg = Debug|Any CPU
		{D76672F9-4667-47DB-BCA9-4993360CB56C}.AppStore|iPhoneSimulator.Build.0 = Debug|Any CPU
		{D76672F9-4667-47DB-BCA9-4993360CB56C}.Debug|Any CPU.ActiveCfg = Debug|Any CPU
		{D76672F9-4667-47DB-BCA9-4993360CB56C}.Debug|Any CPU.Build.0 = Debug|Any CPU
		{D76672F9-4667-47DB-BCA9-4993360CB56C}.Debug|iPhone.ActiveCfg = Debug|Any CPU
		{D76672F9-4667-47DB-BCA9-4993360CB56C}.Debug|iPhone.Build.0 = Debug|Any CPU
		{D76672F9-4667-47DB-BCA9-4993360CB56C}.Debug|iPhoneSimulator.ActiveCfg = Debug|Any CPU
		{D76672F9-4667-47DB-BCA9-4993360CB56C}.Debug|iPhoneSimulator.Build.0 = Debug|Any CPU
		{D76672F9-4667-47DB-BCA9-4993360CB56C}.Release|Any CPU.ActiveCfg = Release|Any CPU
		{D76672F9-4667-47DB-BCA9-4993360CB56C}.Release|Any CPU.Build.0 = Release|Any CPU
		{D76672F9-4667-47DB-BCA9-4993360CB56C}.Release|iPhone.ActiveCfg = Release|Any CPU
		{D76672F9-4667-47DB-BCA9-4993360CB56C}.Release|iPhone.Build.0 = Release|Any CPU
		{D76672F9-4667-47DB-BCA9-4993360CB56C}.Release|iPhoneSimulator.ActiveCfg = Release|Any CPU
		{D76672F9-4667-47DB-BCA9-4993360CB56C}.Release|iPhoneSimulator.Build.0 = Release|Any CPU
		{8E52D4E2-B38B-4658-9BD7-A50CE33BC936}.Ad-Hoc|Any CPU.ActiveCfg = Release|Any CPU
		{8E52D4E2-B38B-4658-9BD7-A50CE33BC936}.Ad-Hoc|Any CPU.Build.0 = Release|Any CPU
		{8E52D4E2-B38B-4658-9BD7-A50CE33BC936}.Ad-Hoc|Any CPU.Deploy.0 = Release|Any CPU
		{8E52D4E2-B38B-4658-9BD7-A50CE33BC936}.Ad-Hoc|iPhone.ActiveCfg = Release|Any CPU
		{8E52D4E2-B38B-4658-9BD7-A50CE33BC936}.Ad-Hoc|iPhone.Build.0 = Release|Any CPU
		{8E52D4E2-B38B-4658-9BD7-A50CE33BC936}.Ad-Hoc|iPhone.Deploy.0 = Release|Any CPU
		{8E52D4E2-B38B-4658-9BD7-A50CE33BC936}.Ad-Hoc|iPhoneSimulator.ActiveCfg = Release|Any CPU
		{8E52D4E2-B38B-4658-9BD7-A50CE33BC936}.Ad-Hoc|iPhoneSimulator.Build.0 = Release|Any CPU
		{8E52D4E2-B38B-4658-9BD7-A50CE33BC936}.Ad-Hoc|iPhoneSimulator.Deploy.0 = Release|Any CPU
		{8E52D4E2-B38B-4658-9BD7-A50CE33BC936}.AppStore|Any CPU.ActiveCfg = Release|Any CPU
		{8E52D4E2-B38B-4658-9BD7-A50CE33BC936}.AppStore|Any CPU.Build.0 = Release|Any CPU
		{8E52D4E2-B38B-4658-9BD7-A50CE33BC936}.AppStore|Any CPU.Deploy.0 = Release|Any CPU
		{8E52D4E2-B38B-4658-9BD7-A50CE33BC936}.AppStore|iPhone.ActiveCfg = Release|Any CPU
		{8E52D4E2-B38B-4658-9BD7-A50CE33BC936}.AppStore|iPhone.Build.0 = Release|Any CPU
		{8E52D4E2-B38B-4658-9BD7-A50CE33BC936}.AppStore|iPhone.Deploy.0 = Release|Any CPU
		{8E52D4E2-B38B-4658-9BD7-A50CE33BC936}.AppStore|iPhoneSimulator.ActiveCfg = Release|Any CPU
		{8E52D4E2-B38B-4658-9BD7-A50CE33BC936}.AppStore|iPhoneSimulator.Build.0 = Release|Any CPU
		{8E52D4E2-B38B-4658-9BD7-A50CE33BC936}.AppStore|iPhoneSimulator.Deploy.0 = Release|Any CPU
		{8E52D4E2-B38B-4658-9BD7-A50CE33BC936}.Debug|Any CPU.ActiveCfg = Debug|Any CPU
		{8E52D4E2-B38B-4658-9BD7-A50CE33BC936}.Debug|Any CPU.Build.0 = Debug|Any CPU
		{8E52D4E2-B38B-4658-9BD7-A50CE33BC936}.Debug|Any CPU.Deploy.0 = Debug|Any CPU
		{8E52D4E2-B38B-4658-9BD7-A50CE33BC936}.Debug|iPhone.ActiveCfg = Debug|Any CPU
		{8E52D4E2-B38B-4658-9BD7-A50CE33BC936}.Debug|iPhone.Build.0 = Debug|Any CPU
		{8E52D4E2-B38B-4658-9BD7-A50CE33BC936}.Debug|iPhone.Deploy.0 = Debug|Any CPU
		{8E52D4E2-B38B-4658-9BD7-A50CE33BC936}.Debug|iPhoneSimulator.ActiveCfg = Debug|Any CPU
		{8E52D4E2-B38B-4658-9BD7-A50CE33BC936}.Debug|iPhoneSimulator.Build.0 = Debug|Any CPU
		{8E52D4E2-B38B-4658-9BD7-A50CE33BC936}.Debug|iPhoneSimulator.Deploy.0 = Debug|Any CPU
		{8E52D4E2-B38B-4658-9BD7-A50CE33BC936}.Release|Any CPU.ActiveCfg = Release|Any CPU
		{8E52D4E2-B38B-4658-9BD7-A50CE33BC936}.Release|Any CPU.Build.0 = Release|Any CPU
		{8E52D4E2-B38B-4658-9BD7-A50CE33BC936}.Release|Any CPU.Deploy.0 = Release|Any CPU
		{8E52D4E2-B38B-4658-9BD7-A50CE33BC936}.Release|iPhone.ActiveCfg = Release|Any CPU
		{8E52D4E2-B38B-4658-9BD7-A50CE33BC936}.Release|iPhone.Build.0 = Release|Any CPU
		{8E52D4E2-B38B-4658-9BD7-A50CE33BC936}.Release|iPhone.Deploy.0 = Release|Any CPU
		{8E52D4E2-B38B-4658-9BD7-A50CE33BC936}.Release|iPhoneSimulator.ActiveCfg = Release|Any CPU
		{8E52D4E2-B38B-4658-9BD7-A50CE33BC936}.Release|iPhoneSimulator.Build.0 = Release|Any CPU
		{8E52D4E2-B38B-4658-9BD7-A50CE33BC936}.Release|iPhoneSimulator.Deploy.0 = Release|Any CPU
		{5BBB3021-74DF-4916-A872-0E6404615F16}.Ad-Hoc|Any CPU.ActiveCfg = Ad-Hoc|iPhone
		{5BBB3021-74DF-4916-A872-0E6404615F16}.Ad-Hoc|iPhone.ActiveCfg = Ad-Hoc|iPhone
		{5BBB3021-74DF-4916-A872-0E6404615F16}.Ad-Hoc|iPhone.Build.0 = Ad-Hoc|iPhone
		{5BBB3021-74DF-4916-A872-0E6404615F16}.Ad-Hoc|iPhoneSimulator.ActiveCfg = Ad-Hoc|iPhoneSimulator
		{5BBB3021-74DF-4916-A872-0E6404615F16}.Ad-Hoc|iPhoneSimulator.Build.0 = Ad-Hoc|iPhoneSimulator
		{5BBB3021-74DF-4916-A872-0E6404615F16}.AppStore|Any CPU.ActiveCfg = AppStore|iPhone
		{5BBB3021-74DF-4916-A872-0E6404615F16}.AppStore|iPhone.ActiveCfg = AppStore|iPhone
		{5BBB3021-74DF-4916-A872-0E6404615F16}.AppStore|iPhone.Build.0 = AppStore|iPhone
		{5BBB3021-74DF-4916-A872-0E6404615F16}.AppStore|iPhoneSimulator.ActiveCfg = AppStore|iPhoneSimulator
		{5BBB3021-74DF-4916-A872-0E6404615F16}.AppStore|iPhoneSimulator.Build.0 = AppStore|iPhoneSimulator
		{5BBB3021-74DF-4916-A872-0E6404615F16}.Debug|Any CPU.ActiveCfg = Debug|iPhone
		{5BBB3021-74DF-4916-A872-0E6404615F16}.Debug|iPhone.ActiveCfg = Debug|iPhone
		{5BBB3021-74DF-4916-A872-0E6404615F16}.Debug|iPhone.Build.0 = Debug|iPhone
		{5BBB3021-74DF-4916-A872-0E6404615F16}.Debug|iPhoneSimulator.ActiveCfg = Debug|iPhoneSimulator
		{5BBB3021-74DF-4916-A872-0E6404615F16}.Debug|iPhoneSimulator.Build.0 = Debug|iPhoneSimulator
		{5BBB3021-74DF-4916-A872-0E6404615F16}.Release|Any CPU.ActiveCfg = Release|iPhone
		{5BBB3021-74DF-4916-A872-0E6404615F16}.Release|iPhone.ActiveCfg = Release|iPhone
		{5BBB3021-74DF-4916-A872-0E6404615F16}.Release|iPhone.Build.0 = Release|iPhone
		{5BBB3021-74DF-4916-A872-0E6404615F16}.Release|iPhoneSimulator.ActiveCfg = Release|iPhoneSimulator
		{5BBB3021-74DF-4916-A872-0E6404615F16}.Release|iPhoneSimulator.Build.0 = Release|iPhoneSimulator
	EndGlobalSection
	GlobalSection(SolutionProperties) = preSolution
		HideSolutionNode = FALSE
	EndGlobalSection
EndGlobal
